
Microsoft Visual Studio Solution File, Format Version 12.00
# Visual Studio Version 16
VisualStudioVersion = 16.0.30204.135
MinimumVisualStudioVersion = 10.0.40219.1
Project("{FAE04EC0-301F-11D3-BF4B-00C04F79EFBC}") = "BAYSOFT.Core", "src\BAYSOFT.Core\BAYSOFT.Core.csproj", "{A3819639-6E71-48B9-8D34-8C07E610FF3D}"
EndProject
Global
	GlobalSection(SolutionConfigurationPlatforms) = preSolution
		Debug|Any CPU = Debug|Any CPU
		Release|Any CPU = Release|Any CPU
	EndGlobalSection
	GlobalSection(ProjectConfigurationPlatforms) = postSolution
		{A3819639-6E71-48B9-8D34-8C07E610FF3D}.Debug|Any CPU.ActiveCfg = Debug|Any CPU
		{A3819639-6E71-48B9-8D34-8C07E610FF3D}.Debug|Any CPU.Build.0 = Debug|Any CPU
		{A3819639-6E71-48B9-8D34-8C07E610FF3D}.Release|Any CPU.ActiveCfg = Release|Any CPU
		{A3819639-6E71-48B9-8D34-8C07E610FF3D}.Release|Any CPU.Build.0 = Release|Any CPU
	EndGlobalSection
	GlobalSection(SolutionProperties) = preSolution
		HideSolutionNode = FALSE
	EndGlobalSection
	GlobalSection(ExtensibilityGlobals) = postSolution
		SolutionGuid = {72FD9806-E096-4776-8687-3F2A5A4AF831}
	EndGlobalSection
EndGlobal
